// !$*UTF8*$!
{
	archiveVersion = 1;
	classes = {
	};
	objectVersion = 50;
	objects = {

/* Begin PBXBuildFile section */
		4C2A6B7C2258AFEE00DBBB93 /* main.c in Sources */ = {isa = PBXBuildFile; fileRef = 4C2A6B742258AFED00DBBB93 /* main.c */; };
		4C2A6B7D2258AFEE00DBBB93 /* scene.c in Sources */ = {isa = PBXBuildFile; fileRef = 4C2A6B762258AFED00DBBB93 /* scene.c */; };
		4C2A6B7E2258AFEE00DBBB93 /* utils.c in Sources */ = {isa = PBXBuildFile; fileRef = 4C2A6B772258AFED00DBBB93 /* utils.c */; };
		4C2A6B7F2258AFEE00DBBB93 /* engine.c in Sources */ = {isa = PBXBuildFile; fileRef = 4C2A6B792258AFEE00DBBB93 /* engine.c */; };
		4C42E1422258AD020042B82E /* libpng.a in Frameworks */ = {isa = PBXBuildFile; fileRef = 4C42E1412258AD020042B82E /* libpng.a */; };
		4C42E1442258AD100042B82E /* libSDL2.a in Frameworks */ = {isa = PBXBuildFile; fileRef = 4C42E1432258AD100042B82E /* libSDL2.a */; };
/* End PBXBuildFile section */

/* Begin PBXCopyFilesBuildPhase section */
		4C80F139225600A000A16E81 /* CopyFiles */ = {
			isa = PBXCopyFilesBuildPhase;
			buildActionMask = 2147483647;
			dstPath = /usr/share/man/man1/;
			dstSubfolderSpec = 0;
			files = (
			);
			runOnlyForDeploymentPostprocessing = 1;
		};
/* End PBXCopyFilesBuildPhase section */

/* Begin PBXFileReference section */
		4C2A6B742258AFED00DBBB93 /* main.c */ = {isa = PBXFileReference; fileEncoding = 4; lastKnownFileType = sourcecode.c.c; name = main.c; path = ../../code/main.c; sourceTree = "<group>"; };
		4C2A6B752258AFED00DBBB93 /* obj_loader.h */ = {isa = PBXFileReference; fileEncoding = 4; lastKnownFileType = sourcecode.c.h; name = obj_loader.h; path = ../../code/obj_loader.h; sourceTree = "<group>"; };
		4C2A6B762258AFED00DBBB93 /* scene.c */ = {isa = PBXFileReference; fileEncoding = 4; lastKnownFileType = sourcecode.c.c; name = scene.c; path = ../../code/scene.c; sourceTree = "<group>"; };
		4C2A6B772258AFED00DBBB93 /* utils.c */ = {isa = PBXFileReference; fileEncoding = 4; lastKnownFileType = sourcecode.c.c; name = utils.c; path = ../../code/utils.c; sourceTree = "<group>"; };
		4C2A6B782258AFEE00DBBB93 /* scene.h */ = {isa = PBXFileReference; fileEncoding = 4; lastKnownFileType = sourcecode.c.h; name = scene.h; path = ../../code/scene.h; sourceTree = "<group>"; };
		4C2A6B792258AFEE00DBBB93 /* engine.c */ = {isa = PBXFileReference; fileEncoding = 4; lastKnownFileType = sourcecode.c.c; name = engine.c; path = ../../code/engine.c; sourceTree = "<group>"; };
		4C2A6B7A2258AFEE00DBBB93 /* utils.h */ = {isa = PBXFileReference; fileEncoding = 4; lastKnownFileType = sourcecode.c.h; name = utils.h; path = ../../code/utils.h; sourceTree = "<group>"; };
		4C2A6B7B2258AFEE00DBBB93 /* engine.h */ = {isa = PBXFileReference; fileEncoding = 4; lastKnownFileType = sourcecode.c.h; name = engine.h; path = ../../code/engine.h; sourceTree = "<group>"; };
		4C2A6B802258B58F00DBBB93 /* common.h */ = {isa = PBXFileReference; lastKnownFileType = sourcecode.c.h; name = common.h; path = ../../code/common.h; sourceTree = "<group>"; };
		4C42E1412258AD020042B82E /* libpng.a */ = {isa = PBXFileReference; lastKnownFileType = archive.ar; name = libpng.a; path = ../library/libpng/lib/mac/libpng.a; sourceTree = "<group>"; };
		4C42E1432258AD100042B82E /* libSDL2.a */ = {isa = PBXFileReference; lastKnownFileType = archive.ar; name = libSDL2.a; path = ../library/sdl2/lib/mac/libSDL2.a; sourceTree = "<group>"; };
		4C80F13B225600A000A16E81 /* LgRenderEgngine */ = {isa = PBXFileReference; explicitFileType = "compiled.mach-o.executable"; includeInIndex = 0; path = LgRenderEgngine; sourceTree = BUILT_PRODUCTS_DIR; };
/* End PBXFileReference section */

/* Begin PBXFrameworksBuildPhase section */
		4C80F138225600A000A16E81 /* Frameworks */ = {
			isa = PBXFrameworksBuildPhase;
			buildActionMask = 2147483647;
			files = (
				4C42E1422258AD020042B82E /* libpng.a in Frameworks */,
				4C42E1442258AD100042B82E /* libSDL2.a in Frameworks */,
			);
			runOnlyForDeploymentPostprocessing = 0;
		};
/* End PBXFrameworksBuildPhase section */

/* Begin PBXGroup section */
		4C2A6B732258AFD700DBBB93 /* LgRenderEgngine */ = {
			isa = PBXGroup;
			children = (
				4C2A6B742258AFED00DBBB93 /* main.c */,
				4C2A6B7B2258AFEE00DBBB93 /* engine.h */,
				4C2A6B792258AFEE00DBBB93 /* engine.c */,
				4C2A6B802258B58F00DBBB93 /* common.h */,
				4C2A6B752258AFED00DBBB93 /* obj_loader.h */,
				4C2A6B782258AFEE00DBBB93 /* scene.h */,
				4C2A6B762258AFED00DBBB93 /* scene.c */,
				4C2A6B7A2258AFEE00DBBB93 /* utils.h */,
				4C2A6B772258AFED00DBBB93 /* utils.c */,
			);
			path = LgRenderEgngine;
			sourceTree = "<group>";
		};
		4C44976A22562E2900FE75BE /* Frameworks */ = {
			isa = PBXGroup;
			children = (
				4C42E1432258AD100042B82E /* libSDL2.a */,
				4C42E1412258AD020042B82E /* libpng.a */,
			);
			name = Frameworks;
			sourceTree = "<group>";
		};
		4C80F132225600A000A16E81 = {
			isa = PBXGroup;
			children = (
				4C2A6B732258AFD700DBBB93 /* LgRenderEgngine */,
				4C80F13C225600A000A16E81 /* Products */,
				4C44976A22562E2900FE75BE /* Frameworks */,
			);
			sourceTree = "<group>";
		};
		4C80F13C225600A000A16E81 /* Products */ = {
			isa = PBXGroup;
			children = (
				4C80F13B225600A000A16E81 /* LgRenderEgngine */,
			);
			name = Products;
			sourceTree = "<group>";
		};
/* End PBXGroup section */

/* Begin PBXNativeTarget section */
		4C80F13A225600A000A16E81 /* LgRenderEgngine */ = {
			isa = PBXNativeTarget;
			buildConfigurationList = 4C80F142225600A000A16E81 /* Build configuration list for PBXNativeTarget "LgRenderEgngine" */;
			buildPhases = (
				4C80F137225600A000A16E81 /* Sources */,
				4C80F138225600A000A16E81 /* Frameworks */,
				4C80F139225600A000A16E81 /* CopyFiles */,
			);
			buildRules = (
			);
			dependencies = (
			);
			name = LgRenderEgngine;
			productName = LgRenderEgngine;
			productReference = 4C80F13B225600A000A16E81 /* LgRenderEgngine */;
			productType = "com.apple.product-type.tool";
		};
/* End PBXNativeTarget section */

/* Begin PBXProject section */
		4C80F133225600A000A16E81 /* Project object */ = {
			isa = PBXProject;
			attributes = {
				LastUpgradeCheck = 1020;
				ORGANIZATIONNAME = "彭怀亮";
				TargetAttributes = {
					4C80F13A225600A000A16E81 = {
						CreatedOnToolsVersion = 10.2;
					};
				};
			};
			buildConfigurationList = 4C80F136225600A000A16E81 /* Build configuration list for PBXProject "LgRenderEgngine" */;
			compatibilityVersion = "Xcode 9.3";
			developmentRegion = en;
			hasScannedForEncodings = 0;
			knownRegions = (
				en,
			);
			mainGroup = 4C80F132225600A000A16E81;
			productRefGroup = 4C80F13C225600A000A16E81 /* Products */;
			projectDirPath = "";
			projectRoot = "";
			targets = (
				4C80F13A225600A000A16E81 /* LgRenderEgngine */,
			);
		};
/* End PBXProject section */

/* Begin PBXSourcesBuildPhase section */
		4C80F137225600A000A16E81 /* Sources */ = {
			isa = PBXSourcesBuildPhase;
			buildActionMask = 2147483647;
			files = (
				4C2A6B7E2258AFEE00DBBB93 /* utils.c in Sources */,
				4C2A6B7D2258AFEE00DBBB93 /* scene.c in Sources */,
				4C2A6B7C2258AFEE00DBBB93 /* main.c in Sources */,
				4C2A6B7F2258AFEE00DBBB93 /* engine.c in Sources */,
			);
			runOnlyForDeploymentPostprocessing = 0;
		};
/* End PBXSourcesBuildPhase section */

/* Begin XCBuildConfiguration section */
		4C80F140225600A000A16E81 /* Debug */ = {
			isa = XCBuildConfiguration;
			buildSettings = {
				ALWAYS_SEARCH_USER_PATHS = NO;
				CLANG_ANALYZER_NONNULL = YES;
				CLANG_ANALYZER_NUMBER_OBJECT_CONVERSION = YES_AGGRESSIVE;
				CLANG_CXX_LANGUAGE_STANDARD = "gnu++14";
				CLANG_CXX_LIBRARY = "libc++";
				CLANG_ENABLE_MODULES = YES;
				CLANG_ENABLE_OBJC_ARC = YES;
				CLANG_ENABLE_OBJC_WEAK = YES;
				CLANG_WARN_BLOCK_CAPTURE_AUTORELEASING = YES;
				CLANG_WARN_BOOL_CONVERSION = YES;
				CLANG_WARN_COMMA = YES;
				CLANG_WARN_CONSTANT_CONVERSION = YES;
				CLANG_WARN_DEPRECATED_OBJC_IMPLEMENTATIONS = YES;
				CLANG_WARN_DIRECT_OBJC_ISA_USAGE = YES_ERROR;
				CLANG_WARN_DOCUMENTATION_COMMENTS = YES;
				CLANG_WARN_EMPTY_BODY = YES;
				CLANG_WARN_ENUM_CONVERSION = YES;
				CLANG_WARN_INFINITE_RECURSION = YES;
				CLANG_WARN_INT_CONVERSION = YES;
				CLANG_WARN_NON_LITERAL_NULL_CONVERSION = YES;
				CLANG_WARN_OBJC_IMPLICIT_RETAIN_SELF = YES;
				CLANG_WARN_OBJC_LITERAL_CONVERSION = YES;
				CLANG_WARN_OBJC_ROOT_CLASS = YES_ERROR;
				CLANG_WARN_RANGE_LOOP_ANALYSIS = YES;
				CLANG_WARN_STRICT_PROTOTYPES = YES;
				CLANG_WARN_SUSPICIOUS_MOVE = YES;
				CLANG_WARN_UNGUARDED_AVAILABILITY = YES_AGGRESSIVE;
				CLANG_WARN_UNREACHABLE_CODE = YES;
				CLANG_WARN__DUPLICATE_METHOD_MATCH = YES;
				CODE_SIGN_IDENTITY = "Mac Developer";
				COPY_PHASE_STRIP = NO;
				DEBUG_INFORMATION_FORMAT = dwarf;
				ENABLE_STRICT_OBJC_MSGSEND = YES;
				ENABLE_TESTABILITY = YES;
				GCC_C_LANGUAGE_STANDARD = gnu11;
				GCC_DYNAMIC_NO_PIC = NO;
				GCC_NO_COMMON_BLOCKS = YES;
				GCC_OPTIMIZATION_LEVEL = 0;
				GCC_PREPROCESSOR_DEFINITIONS = (
					"DEBUG=1",
					"$(inherited)",
				);
				GCC_WARN_64_TO_32_BIT_CONVERSION = YES;
				GCC_WARN_ABOUT_RETURN_TYPE = YES_ERROR;
				GCC_WARN_UNDECLARED_SELECTOR = YES;
				GCC_WARN_UNINITIALIZED_AUTOS = YES_AGGRESSIVE;
				GCC_WARN_UNUSED_FUNCTION = YES;
				GCC_WARN_UNUSED_VARIABLE = YES;
				MACOSX_DEPLOYMENT_TARGET = 10.14;
				MTL_ENABLE_DEBUG_INFO = INCLUDE_SOURCE;
				MTL_FAST_MATH = YES;
				ONLY_ACTIVE_ARCH = YES;
				SDKROOT = macosx;
			};
			name = Debug;
		};
		4C80F141225600A000A16E81 /* Release */ = {
			isa = XCBuildConfiguration;
			buildSettings = {
				ALWAYS_SEARCH_USER_PATHS = NO;
				CLANG_ANALYZER_NONNULL = YES;
				CLANG_ANALYZER_NUMBER_OBJECT_CONVERSION = YES_AGGRESSIVE;
				CLANG_CXX_LANGUAGE_STANDARD = "gnu++14";
				CLANG_CXX_LIBRARY = "libc++";
				CLANG_ENABLE_MODULES = YES;
				CLANG_ENABLE_OBJC_ARC = YES;
				CLANG_ENABLE_OBJC_WEAK = YES;
				CLANG_WARN_BLOCK_CAPTURE_AUTORELEASING = YES;
				CLANG_WARN_BOOL_CONVERSION = YES;
				CLANG_WARN_COMMA = YES;
				CLANG_WARN_CONSTANT_CONVERSION = YES;
				CLANG_WARN_DEPRECATED_OBJC_IMPLEMENTATIONS = YES;
				CLANG_WARN_DIRECT_OBJC_ISA_USAGE = YES_ERROR;
				CLANG_WARN_DOCUMENTATION_COMMENTS = YES;
				CLANG_WARN_EMPTY_BODY = YES;
				CLANG_WARN_ENUM_CONVERSION = YES;
				CLANG_WARN_INFINITE_RECURSION = YES;
				CLANG_WARN_INT_CONVERSION = YES;
				CLANG_WARN_NON_LITERAL_NULL_CONVERSION = YES;
				CLANG_WARN_OBJC_IMPLICIT_RETAIN_SELF = YES;
				CLANG_WARN_OBJC_LITERAL_CONVERSION = YES;
				CLANG_WARN_OBJC_ROOT_CLASS = YES_ERROR;
				CLANG_WARN_RANGE_LOOP_ANALYSIS = YES;
				CLANG_WARN_STRICT_PROTOTYPES = YES;
				CLANG_WARN_SUSPICIOUS_MOVE = YES;
				CLANG_WARN_UNGUARDED_AVAILABILITY = YES_AGGRESSIVE;
				CLANG_WARN_UNREACHABLE_CODE = YES;
				CLANG_WARN__DUPLICATE_METHOD_MATCH = YES;
				CODE_SIGN_IDENTITY = "Mac Developer";
				COPY_PHASE_STRIP = NO;
				DEBUG_INFORMATION_FORMAT = "dwarf-with-dsym";
				ENABLE_NS_ASSERTIONS = NO;
				ENABLE_STRICT_OBJC_MSGSEND = YES;
				GCC_C_LANGUAGE_STANDARD = gnu11;
				GCC_NO_COMMON_BLOCKS = YES;
				GCC_WARN_64_TO_32_BIT_CONVERSION = YES;
				GCC_WARN_ABOUT_RETURN_TYPE = YES_ERROR;
				GCC_WARN_UNDECLARED_SELECTOR = YES;
				GCC_WARN_UNINITIALIZED_AUTOS = YES_AGGRESSIVE;
				GCC_WARN_UNUSED_FUNCTION = YES;
				GCC_WARN_UNUSED_VARIABLE = YES;
				MACOSX_DEPLOYMENT_TARGET = 10.14;
				MTL_ENABLE_DEBUG_INFO = NO;
				MTL_FAST_MATH = YES;
				SDKROOT = macosx;
			};
			name = Release;
		};
		4C80F143225600A000A16E81 /* Debug */ = {
			isa = XCBuildConfiguration;
			buildSettings = {
				ARCHS = "$(ARCHS_STANDARD)";
				CODE_SIGN_IDENTITY = "Mac Developer";
				CODE_SIGN_STYLE = Automatic;
				DEVELOPMENT_TEAM = 238UB5UD4H;
				HEADER_SEARCH_PATHS = (
					"$(inherited)",
					../library/sdl2/include,
					../library/libpng/include,
				);
				LIBRARY_SEARCH_PATHS = (
					"$(inherited)",
					../library/sdl2/lib/mac,
					../library/libpng/lib/mac,
					"$(PROJECT_DIR)",
				);
				MACOSX_DEPLOYMENT_TARGET = 10.12;
				OTHER_LDFLAGS = (
					"-ObjC",
					"$(inherited)",
					"-lz",
				);
				PRODUCT_NAME = "$(TARGET_NAME)";
				PROVISIONING_PROFILE_SPECIFIER = "";
			};
			name = Debug;
		};
		4C80F144225600A000A16E81 /* Release */ = {
			isa = XCBuildConfiguration;
			buildSettings = {
				ARCHS = "$(ARCHS_STANDARD)";
				CODE_SIGN_IDENTITY = "Mac Developer";
				CODE_SIGN_STYLE = Automatic;
				DEVELOPMENT_TEAM = 238UB5UD4H;
				HEADER_SEARCH_PATHS = (
					"$(inherited)",
					../library/sdl2/include,
					../library/libpng/include,
				);
				LIBRARY_SEARCH_PATHS = (
					"$(inherited)",
					../library/sdl2/lib/mac,
					../library/libpng/lib/mac,
					"$(PROJECT_DIR)",
				);
				MACOSX_DEPLOYMENT_TARGET = 10.12;
				OTHER_LDFLAGS = (
					"-ObjC",
					"$(inherited)",
					"-lz",
				);
				PRODUCT_NAME = "$(TARGET_NAME)";
				PROVISIONING_PROFILE_SPECIFIER = "";
			};
			name = Release;
		};
/* End XCBuildConfiguration section */

/* Begin XCConfigurationList section */
		4C80F136225600A000A16E81 /* Build configuration list for PBXProject "LgRenderEgngine" */ = {
			isa = XCConfigurationList;
			buildConfigurations = (
				4C80F140225600A000A16E81 /* Debug */,
				4C80F141225600A000A16E81 /* Release */,
			);
			defaultConfigurationIsVisible = 0;
			defaultConfigurationName = Release;
		};
		4C80F142225600A000A16E81 /* Build configuration list for PBXNativeTarget "LgRenderEgngine" */ = {
			isa = XCConfigurationList;
			buildConfigurations = (
				4C80F143225600A000A16E81 /* Debug */,
				4C80F144225600A000A16E81 /* Release */,
			);
			defaultConfigurationIsVisible = 0;
			defaultConfigurationName = Release;
		};
/* End XCConfigurationList section */
	};
	rootObject = 4C80F133225600A000A16E81 /* Project object */;
}
